
Microsoft Visual Studio Solution File, Format Version 12.00
# Visual Studio Version 17
VisualStudioVersion = 17.10.35201.131
MinimumVisualStudioVersion = 10.0.40219.1
Project("{FAE04EC0-301F-11D3-BF4B-00C04F79EFBC}") = "Ejercicio1_interfaz", "Ejercicio1_interfaz\Ejercicio1_interfaz.csproj", "{5674E7AA-2DCA-4380-BBCE-56C625373CFE}"
EndProject
Project("{FAE04EC0-301F-11D3-BF4B-00C04F79EFBC}") = "Ejercicio2_clase_abstracta", "Ejercicio2_clase_abstracta\Ejercicio2_clase_abstracta.csproj", "{4D51E336-24BA-4012-9F8D-1193004A66EE}"
EndProject
Project("{FAE04EC0-301F-11D3-BF4B-00C04F79EFBC}") = "Ejercicio3_interfaz_IComparable", "Ejercicio3_interfaz_IComparable\Ejercicio3_interfaz_IComparable.csproj", "{19D4BAB0-E5A4-486F-86ED-F4A41CEB4B62}"
EndProject
Project("{FAE04EC0-301F-11D3-BF4B-00C04F79EFBC}") = "Ejercicio4_interfaz_e_IComparable", "Ejercicio4_interfaz_e_IComparable\Ejercicio4_interfaz_e_IComparable.csproj", "{889FE7C5-FD4A-4EE1-8C08-E5308FE0A7A2}"
EndProject
Global
	GlobalSection(SolutionConfigurationPlatforms) = preSolution
		Debug|Any CPU = Debug|Any CPU
		Release|Any CPU = Release|Any CPU
	EndGlobalSection
	GlobalSection(ProjectConfigurationPlatforms) = postSolution
		{5674E7AA-2DCA-4380-BBCE-56C625373CFE}.Debug|Any CPU.ActiveCfg = Debug|Any CPU
		{5674E7AA-2DCA-4380-BBCE-56C625373CFE}.Debug|Any CPU.Build.0 = Debug|Any CPU
		{5674E7AA-2DCA-4380-BBCE-56C625373CFE}.Release|Any CPU.ActiveCfg = Release|Any CPU
		{5674E7AA-2DCA-4380-BBCE-56C625373CFE}.Release|Any CPU.Build.0 = Release|Any CPU
		{4D51E336-24BA-4012-9F8D-1193004A66EE}.Debug|Any CPU.ActiveCfg = Debug|Any CPU
		{4D51E336-24BA-4012-9F8D-1193004A66EE}.Debug|Any CPU.Build.0 = Debug|Any CPU
		{4D51E336-24BA-4012-9F8D-1193004A66EE}.Release|Any CPU.ActiveCfg = Release|Any CPU
		{4D51E336-24BA-4012-9F8D-1193004A66EE}.Release|Any CPU.Build.0 = Release|Any CPU
		{19D4BAB0-E5A4-486F-86ED-F4A41CEB4B62}.Debug|Any CPU.ActiveCfg = Debug|Any CPU
		{19D4BAB0-E5A4-486F-86ED-F4A41CEB4B62}.Debug|Any CPU.Build.0 = Debug|Any CPU
		{19D4BAB0-E5A4-486F-86ED-F4A41CEB4B62}.Release|Any CPU.ActiveCfg = Release|Any CPU
		{19D4BAB0-E5A4-486F-86ED-F4A41CEB4B62}.Release|Any CPU.Build.0 = Release|Any CPU
		{889FE7C5-FD4A-4EE1-8C08-E5308FE0A7A2}.Debug|Any CPU.ActiveCfg = Debug|Any CPU
		{889FE7C5-FD4A-4EE1-8C08-E5308FE0A7A2}.Debug|Any CPU.Build.0 = Debug|Any CPU
		{889FE7C5-FD4A-4EE1-8C08-E5308FE0A7A2}.Release|Any CPU.ActiveCfg = Release|Any CPU
		{889FE7C5-FD4A-4EE1-8C08-E5308FE0A7A2}.Release|Any CPU.Build.0 = Release|Any CPU
	EndGlobalSection
	GlobalSection(SolutionProperties) = preSolution
		HideSolutionNode = FALSE
	EndGlobalSection
	GlobalSection(ExtensibilityGlobals) = postSolution
		SolutionGuid = {576B5673-80EC-4784-A241-664827B0A12B}
	EndGlobalSection
EndGlobal
